
Microsoft Visual Studio Solution File, Format Version 12.00
# Visual Studio 14
VisualStudioVersion = 14.0.24720.0
MinimumVisualStudioVersion = 10.0.40219.1
Project("{FAE04EC0-301F-11D3-BF4B-00C04F79EFBC}") = "PlayerAuthorization", "PlayerAuthorization\PlayerAuthorization.csproj", "{5231F48A-769A-4751-9BDB-EF2B16982AFB}"
EndProject
Project("{2150E333-8FDC-42A3-9474-1A3956D46DE8}") = "Core", "Core", "{350E0BFE-3D1B-4B76-AD31-0B69DABB158B}"
EndProject
Project("{FAE04EC0-301F-11D3-BF4B-00C04F79EFBC}") = "UgsApiTester", "UgsApiTester\UgsApiTester.csproj", "{3510776B-5E7C-426E-A18B-5C3F803F27E9}"
EndProject
Project("{FAE04EC0-301F-11D3-BF4B-00C04F79EFBC}") = "Clients", "..\..\..\unified-game-server\Core\Clients\Clients.csproj", "{5776E9E8-B3A7-4111-BD2D-BEA00D6F2E28}"
EndProject
Project("{FAE04EC0-301F-11D3-BF4B-00C04F79EFBC}") = "Interfaces", "..\..\..\unified-game-server\Core\Interfaces\Interfaces.csproj", "{A38C0769-AD67-4304-B0C8-B545AA221E7B}"
EndProject
Project("{FAE04EC0-301F-11D3-BF4B-00C04F79EFBC}") = "Messages", "..\..\..\unified-game-server\Core\Messages\Messages.csproj", "{C893C9CB-898F-4E4F-9403-DFD731A93ABF}"
EndProject
Project("{FAE04EC0-301F-11D3-BF4B-00C04F79EFBC}") = "Models", "..\..\..\unified-game-server\Core\Models\Models.csproj", "{568702D7-FED6-4B70-8C1C-AF8A268DAF66}"
EndProject
Project("{2150E333-8FDC-42A3-9474-1A3956D46DE8}") = ".nuget", ".nuget", "{87AABE87-6517-4E6D-B906-A16DE70BE9B9}"
	ProjectSection(SolutionItems) = preProject
		.nuget\packages.config = .nuget\packages.config
	EndProjectSection
EndProject
Project("{FAE04EC0-301F-11D3-BF4B-00C04F79EFBC}") = "BrandClient", "..\..\..\unified-game-server\Core\BrandClient\BrandClient.csproj", "{93D0597B-347F-4E86-9108-A2121FEE44BF}"
EndProject
Project("{FAE04EC0-301F-11D3-BF4B-00C04F79EFBC}") = "BaseModels", "..\..\..\unified-game-server\Core\BaseModels\BaseModels.csproj", "{B4C3700E-6B63-4410-9958-E98CAF2D2F87}"
EndProject
Project("{FAE04EC0-301F-11D3-BF4B-00C04F79EFBC}") = "Infrastructure", "..\..\..\unified-game-server\Services\Infrastructure\Infrastructure.csproj", "{EB246409-B2C0-4015-838B-F476A27A3693}"
EndProject
Project("{FAE04EC0-301F-11D3-BF4B-00C04F79EFBC}") = "TokenData", "..\..\..\unified-game-server\Core\TokenData\TokenData.csproj", "{6C45B8DC-2DE8-4AC8-8D0E-BF87B268E506}"
EndProject
Global
	GlobalSection(SolutionConfigurationPlatforms) = preSolution
		Debug|Any CPU = Debug|Any CPU
		Release|Any CPU = Release|Any CPU
	EndGlobalSection
	GlobalSection(ProjectConfigurationPlatforms) = postSolution
		{5231F48A-769A-4751-9BDB-EF2B16982AFB}.Debug|Any CPU.ActiveCfg = Debug|Any CPU
		{5231F48A-769A-4751-9BDB-EF2B16982AFB}.Debug|Any CPU.Build.0 = Debug|Any CPU
		{5231F48A-769A-4751-9BDB-EF2B16982AFB}.Release|Any CPU.ActiveCfg = Release|Any CPU
		{5231F48A-769A-4751-9BDB-EF2B16982AFB}.Release|Any CPU.Build.0 = Release|Any CPU
		{3510776B-5E7C-426E-A18B-5C3F803F27E9}.Debug|Any CPU.ActiveCfg = Debug|Any CPU
		{3510776B-5E7C-426E-A18B-5C3F803F27E9}.Debug|Any CPU.Build.0 = Debug|Any CPU
		{3510776B-5E7C-426E-A18B-5C3F803F27E9}.Release|Any CPU.ActiveCfg = Release|Any CPU
		{3510776B-5E7C-426E-A18B-5C3F803F27E9}.Release|Any CPU.Build.0 = Release|Any CPU
		{5776E9E8-B3A7-4111-BD2D-BEA00D6F2E28}.Debug|Any CPU.ActiveCfg = Debug|Any CPU
		{5776E9E8-B3A7-4111-BD2D-BEA00D6F2E28}.Debug|Any CPU.Build.0 = Debug|Any CPU
		{5776E9E8-B3A7-4111-BD2D-BEA00D6F2E28}.Release|Any CPU.ActiveCfg = Release|Any CPU
		{5776E9E8-B3A7-4111-BD2D-BEA00D6F2E28}.Release|Any CPU.Build.0 = Release|Any CPU
		{A38C0769-AD67-4304-B0C8-B545AA221E7B}.Debug|Any CPU.ActiveCfg = Debug|Any CPU
		{A38C0769-AD67-4304-B0C8-B545AA221E7B}.Debug|Any CPU.Build.0 = Debug|Any CPU
		{A38C0769-AD67-4304-B0C8-B545AA221E7B}.Release|Any CPU.ActiveCfg = Release|Any CPU
		{A38C0769-AD67-4304-B0C8-B545AA221E7B}.Release|Any CPU.Build.0 = Release|Any CPU
		{C893C9CB-898F-4E4F-9403-DFD731A93ABF}.Debug|Any CPU.ActiveCfg = Debug|Any CPU
		{C893C9CB-898F-4E4F-9403-DFD731A93ABF}.Debug|Any CPU.Build.0 = Debug|Any CPU
		{C893C9CB-898F-4E4F-9403-DFD731A93ABF}.Release|Any CPU.ActiveCfg = Release|Any CPU
		{C893C9CB-898F-4E4F-9403-DFD731A93ABF}.Release|Any CPU.Build.0 = Release|Any CPU
		{568702D7-FED6-4B70-8C1C-AF8A268DAF66}.Debug|Any CPU.ActiveCfg = Debug|Any CPU
		{568702D7-FED6-4B70-8C1C-AF8A268DAF66}.Debug|Any CPU.Build.0 = Debug|Any CPU
		{568702D7-FED6-4B70-8C1C-AF8A268DAF66}.Release|Any CPU.ActiveCfg = Release|Any CPU
		{568702D7-FED6-4B70-8C1C-AF8A268DAF66}.Release|Any CPU.Build.0 = Release|Any CPU
		{93D0597B-347F-4E86-9108-A2121FEE44BF}.Debug|Any CPU.ActiveCfg = Debug|Any CPU
		{93D0597B-347F-4E86-9108-A2121FEE44BF}.Debug|Any CPU.Build.0 = Debug|Any CPU
		{93D0597B-347F-4E86-9108-A2121FEE44BF}.Release|Any CPU.ActiveCfg = Release|Any CPU
		{93D0597B-347F-4E86-9108-A2121FEE44BF}.Release|Any CPU.Build.0 = Release|Any CPU
		{B4C3700E-6B63-4410-9958-E98CAF2D2F87}.Debug|Any CPU.ActiveCfg = Debug|Any CPU
		{B4C3700E-6B63-4410-9958-E98CAF2D2F87}.Debug|Any CPU.Build.0 = Debug|Any CPU
		{B4C3700E-6B63-4410-9958-E98CAF2D2F87}.Release|Any CPU.ActiveCfg = Release|Any CPU
		{B4C3700E-6B63-4410-9958-E98CAF2D2F87}.Release|Any CPU.Build.0 = Release|Any CPU
		{EB246409-B2C0-4015-838B-F476A27A3693}.Debug|Any CPU.ActiveCfg = Debug|Any CPU
		{EB246409-B2C0-4015-838B-F476A27A3693}.Debug|Any CPU.Build.0 = Debug|Any CPU
		{EB246409-B2C0-4015-838B-F476A27A3693}.Release|Any CPU.ActiveCfg = Release|Any CPU
		{EB246409-B2C0-4015-838B-F476A27A3693}.Release|Any CPU.Build.0 = Release|Any CPU
		{6C45B8DC-2DE8-4AC8-8D0E-BF87B268E506}.Debug|Any CPU.ActiveCfg = Debug|Any CPU
		{6C45B8DC-2DE8-4AC8-8D0E-BF87B268E506}.Debug|Any CPU.Build.0 = Debug|Any CPU
		{6C45B8DC-2DE8-4AC8-8D0E-BF87B268E506}.Release|Any CPU.ActiveCfg = Release|Any CPU
		{6C45B8DC-2DE8-4AC8-8D0E-BF87B268E506}.Release|Any CPU.Build.0 = Release|Any CPU
	EndGlobalSection
	GlobalSection(SolutionProperties) = preSolution
		HideSolutionNode = FALSE
	EndGlobalSection
	GlobalSection(NestedProjects) = preSolution
		{5776E9E8-B3A7-4111-BD2D-BEA00D6F2E28} = {350E0BFE-3D1B-4B76-AD31-0B69DABB158B}
		{A38C0769-AD67-4304-B0C8-B545AA221E7B} = {350E0BFE-3D1B-4B76-AD31-0B69DABB158B}
		{C893C9CB-898F-4E4F-9403-DFD731A93ABF} = {350E0BFE-3D1B-4B76-AD31-0B69DABB158B}
		{568702D7-FED6-4B70-8C1C-AF8A268DAF66} = {350E0BFE-3D1B-4B76-AD31-0B69DABB158B}
		{93D0597B-347F-4E86-9108-A2121FEE44BF} = {350E0BFE-3D1B-4B76-AD31-0B69DABB158B}
		{B4C3700E-6B63-4410-9958-E98CAF2D2F87} = {350E0BFE-3D1B-4B76-AD31-0B69DABB158B}
		{6C45B8DC-2DE8-4AC8-8D0E-BF87B268E506} = {350E0BFE-3D1B-4B76-AD31-0B69DABB158B}
	EndGlobalSection
EndGlobal
